
Microsoft Visual Studio Solution File, Format Version 12.00
# Visual Studio Version 17
VisualStudioVersion = 17.3.32929.385
MinimumVisualStudioVersion = 10.0.40219.1
Project("{FAE04EC0-301F-11D3-BF4B-00C04F79EFBC}") = "RedeSocialAT", "RedeSocialAT\RedeSocialAT.csproj", "{DF7970B7-B4C0-4239-B95B-A7334111AA01}"
EndProject
Global
	GlobalSection(SolutionConfigurationPlatforms) = preSolution
		Debug|Any CPU = Debug|Any CPU
		Release|Any CPU = Release|Any CPU
	EndGlobalSection
	GlobalSection(ProjectConfigurationPlatforms) = postSolution
		{DF7970B7-B4C0-4239-B95B-A7334111AA01}.Debug|Any CPU.ActiveCfg = Debug|Any CPU
		{DF7970B7-B4C0-4239-B95B-A7334111AA01}.Debug|Any CPU.Build.0 = Debug|Any CPU
		{DF7970B7-B4C0-4239-B95B-A7334111AA01}.Release|Any CPU.ActiveCfg = Release|Any CPU
		{DF7970B7-B4C0-4239-B95B-A7334111AA01}.Release|Any CPU.Build.0 = Release|Any CPU
	EndGlobalSection
	GlobalSection(SolutionProperties) = preSolution
		HideSolutionNode = FALSE
	EndGlobalSection
	GlobalSection(ExtensibilityGlobals) = postSolution
		SolutionGuid = {84F6C20D-ED85-421B-9DA3-227E3644B158}
	EndGlobalSection
EndGlobal
